// !$*UTF8*$!
{
	archiveVersion = 1;
	classes = {
	};
	objectVersion = 55;
	objects = {

/* Begin PBXBuildFile section */
		ADD2FB6E28C732BA0028A89B /* AfricaApp.swift in Sources */ = {isa = PBXBuildFile; fileRef = ADD2FB6D28C732BA0028A89B /* AfricaApp.swift */; };
		ADD2FB7028C732BA0028A89B /* ContentView.swift in Sources */ = {isa = PBXBuildFile; fileRef = ADD2FB6F28C732BA0028A89B /* ContentView.swift */; };
		ADD2FB7228C732BD0028A89B /* Assets.xcassets in Resources */ = {isa = PBXBuildFile; fileRef = ADD2FB7128C732BD0028A89B /* Assets.xcassets */; };
		ADD2FB7528C732BD0028A89B /* Preview Assets.xcassets in Resources */ = {isa = PBXBuildFile; fileRef = ADD2FB7428C732BD0028A89B /* Preview Assets.xcassets */; };
		ADD2FB8628C73E0B0028A89B /* giraffe.mp4 in Resources */ = {isa = PBXBuildFile; fileRef = ADD2FB7C28C73E080028A89B /* giraffe.mp4 */; };
		ADD2FB8728C73E0B0028A89B /* gorilla.mp4 in Resources */ = {isa = PBXBuildFile; fileRef = ADD2FB7D28C73E090028A89B /* gorilla.mp4 */; };
		ADD2FB8828C73E0B0028A89B /* rhino.mp4 in Resources */ = {isa = PBXBuildFile; fileRef = ADD2FB7E28C73E090028A89B /* rhino.mp4 */; };
		ADD2FB8928C73E0B0028A89B /* hippo.mp4 in Resources */ = {isa = PBXBuildFile; fileRef = ADD2FB7F28C73E090028A89B /* hippo.mp4 */; };
		ADD2FB8A28C73E0B0028A89B /* lioness.mp4 in Resources */ = {isa = PBXBuildFile; fileRef = ADD2FB8028C73E0A0028A89B /* lioness.mp4 */; };
		ADD2FB8B28C73E0B0028A89B /* cheetah.mp4 in Resources */ = {isa = PBXBuildFile; fileRef = ADD2FB8128C73E0A0028A89B /* cheetah.mp4 */; };
		ADD2FB8C28C73E0B0028A89B /* zebra.mp4 in Resources */ = {isa = PBXBuildFile; fileRef = ADD2FB8228C73E0A0028A89B /* zebra.mp4 */; };
		ADD2FB8D28C73E0B0028A89B /* lion.mp4 in Resources */ = {isa = PBXBuildFile; fileRef = ADD2FB8328C73E0A0028A89B /* lion.mp4 */; };
		ADD2FB8E28C73E0B0028A89B /* ostrich.mp4 in Resources */ = {isa = PBXBuildFile; fileRef = ADD2FB8428C73E0B0028A89B /* ostrich.mp4 */; };
		ADD2FB8F28C73E0B0028A89B /* elephant.mp4 in Resources */ = {isa = PBXBuildFile; fileRef = ADD2FB8528C73E0B0028A89B /* elephant.mp4 */; };
		ADD2FB9528C73E610028A89B /* videos.json in Resources */ = {isa = PBXBuildFile; fileRef = ADD2FB9128C73E600028A89B /* videos.json */; };
		ADD2FB9628C73E610028A89B /* animals.json in Resources */ = {isa = PBXBuildFile; fileRef = ADD2FB9228C73E610028A89B /* animals.json */; };
		ADD2FB9728C73E610028A89B /* locations.json in Resources */ = {isa = PBXBuildFile; fileRef = ADD2FB9328C73E610028A89B /* locations.json */; };
		ADD2FB9828C73E610028A89B /* covers.json in Resources */ = {isa = PBXBuildFile; fileRef = ADD2FB9428C73E610028A89B /* covers.json */; };
		ADD2FB9C28C740870028A89B /* VideoListView.swift in Sources */ = {isa = PBXBuildFile; fileRef = ADD2FB9B28C740870028A89B /* VideoListView.swift */; };
/* End PBXBuildFile section */

/* Begin PBXFileReference section */
		ADD2FB6A28C732BA0028A89B /* Africa.app */ = {isa = PBXFileReference; explicitFileType = wrapper.application; includeInIndex = 0; path = Africa.app; sourceTree = BUILT_PRODUCTS_DIR; };
		ADD2FB6D28C732BA0028A89B /* AfricaApp.swift */ = {isa = PBXFileReference; lastKnownFileType = sourcecode.swift; path = AfricaApp.swift; sourceTree = "<group>"; };
		ADD2FB6F28C732BA0028A89B /* ContentView.swift */ = {isa = PBXFileReference; lastKnownFileType = sourcecode.swift; path = ContentView.swift; sourceTree = "<group>"; };
		ADD2FB7128C732BD0028A89B /* Assets.xcassets */ = {isa = PBXFileReference; lastKnownFileType = folder.assetcatalog; path = Assets.xcassets; sourceTree = "<group>"; };
		ADD2FB7428C732BD0028A89B /* Preview Assets.xcassets */ = {isa = PBXFileReference; lastKnownFileType = folder.assetcatalog; path = "Preview Assets.xcassets"; sourceTree = "<group>"; };
		ADD2FB7C28C73E080028A89B /* giraffe.mp4 */ = {isa = PBXFileReference; lastKnownFileType = file; path = giraffe.mp4; sourceTree = "<group>"; };
		ADD2FB7D28C73E090028A89B /* gorilla.mp4 */ = {isa = PBXFileReference; lastKnownFileType = file; path = gorilla.mp4; sourceTree = "<group>"; };
		ADD2FB7E28C73E090028A89B /* rhino.mp4 */ = {isa = PBXFileReference; lastKnownFileType = file; path = rhino.mp4; sourceTree = "<group>"; };
		ADD2FB7F28C73E090028A89B /* hippo.mp4 */ = {isa = PBXFileReference; lastKnownFileType = file; path = hippo.mp4; sourceTree = "<group>"; };
		ADD2FB8028C73E0A0028A89B /* lioness.mp4 */ = {isa = PBXFileReference; lastKnownFileType = file; path = lioness.mp4; sourceTree = "<group>"; };
		ADD2FB8128C73E0A0028A89B /* cheetah.mp4 */ = {isa = PBXFileReference; lastKnownFileType = file; path = cheetah.mp4; sourceTree = "<group>"; };
		ADD2FB8228C73E0A0028A89B /* zebra.mp4 */ = {isa = PBXFileReference; lastKnownFileType = file; path = zebra.mp4; sourceTree = "<group>"; };
		ADD2FB8328C73E0A0028A89B /* lion.mp4 */ = {isa = PBXFileReference; lastKnownFileType = file; path = lion.mp4; sourceTree = "<group>"; };
		ADD2FB8428C73E0B0028A89B /* ostrich.mp4 */ = {isa = PBXFileReference; lastKnownFileType = file; path = ostrich.mp4; sourceTree = "<group>"; };
		ADD2FB8528C73E0B0028A89B /* elephant.mp4 */ = {isa = PBXFileReference; lastKnownFileType = file; path = elephant.mp4; sourceTree = "<group>"; };
		ADD2FB9128C73E600028A89B /* videos.json */ = {isa = PBXFileReference; fileEncoding = 4; lastKnownFileType = text.json; path = videos.json; sourceTree = "<group>"; };
		ADD2FB9228C73E610028A89B /* animals.json */ = {isa = PBXFileReference; fileEncoding = 4; lastKnownFileType = text.json; path = animals.json; sourceTree = "<group>"; };
		ADD2FB9328C73E610028A89B /* locations.json */ = {isa = PBXFileReference; fileEncoding = 4; lastKnownFileType = text.json; path = locations.json; sourceTree = "<group>"; };
		ADD2FB9428C73E610028A89B /* covers.json */ = {isa = PBXFileReference; fileEncoding = 4; lastKnownFileType = text.json; path = covers.json; sourceTree = "<group>"; };
		ADD2FB9928C73FA60028A89B /* Info.plist */ = {isa = PBXFileReference; lastKnownFileType = text.plist; path = Info.plist; sourceTree = "<group>"; };
		ADD2FB9B28C740870028A89B /* VideoListView.swift */ = {isa = PBXFileReference; lastKnownFileType = sourcecode.swift; path = VideoListView.swift; sourceTree = "<group>"; };
/* End PBXFileReference section */

/* Begin PBXFrameworksBuildPhase section */
		ADD2FB6728C732BA0028A89B /* Frameworks */ = {
			isa = PBXFrameworksBuildPhase;
			buildActionMask = 2147483647;
			files = (
			);
			runOnlyForDeploymentPostprocessing = 0;
		};
/* End PBXFrameworksBuildPhase section */

/* Begin PBXGroup section */
		ADD2FB6128C732BA0028A89B = {
			isa = PBXGroup;
			children = (
				ADD2FB6C28C732BA0028A89B /* Africa */,
				ADD2FB6B28C732BA0028A89B /* Products */,
			);
			sourceTree = "<group>";
		};
		ADD2FB6B28C732BA0028A89B /* Products */ = {
			isa = PBXGroup;
			children = (
				ADD2FB6A28C732BA0028A89B /* Africa.app */,
			);
			name = Products;
			sourceTree = "<group>";
		};
		ADD2FB6C28C732BA0028A89B /* Africa */ = {
			isa = PBXGroup;
			children = (
				ADD2FB9928C73FA60028A89B /* Info.plist */,
				ADD2FB9028C73E490028A89B /* Data */,
				ADD2FB7B28C73DE80028A89B /* Video */,
				ADD2FB9A28C740480028A89B /* App */,
				ADD2FB7128C732BD0028A89B /* Assets.xcassets */,
				ADD2FB7328C732BD0028A89B /* Preview Content */,
			);
			path = Africa;
			sourceTree = "<group>";
		};
		ADD2FB7328C732BD0028A89B /* Preview Content */ = {
			isa = PBXGroup;
			children = (
				ADD2FB7428C732BD0028A89B /* Preview Assets.xcassets */,
			);
			path = "Preview Content";
			sourceTree = "<group>";
		};
		ADD2FB7B28C73DE80028A89B /* Video */ = {
			isa = PBXGroup;
			children = (
				ADD2FB8128C73E0A0028A89B /* cheetah.mp4 */,
				ADD2FB8528C73E0B0028A89B /* elephant.mp4 */,
				ADD2FB7C28C73E080028A89B /* giraffe.mp4 */,
				ADD2FB7D28C73E090028A89B /* gorilla.mp4 */,
				ADD2FB7F28C73E090028A89B /* hippo.mp4 */,
				ADD2FB8328C73E0A0028A89B /* lion.mp4 */,
				ADD2FB8028C73E0A0028A89B /* lioness.mp4 */,
				ADD2FB8428C73E0B0028A89B /* ostrich.mp4 */,
				ADD2FB7E28C73E090028A89B /* rhino.mp4 */,
				ADD2FB8228C73E0A0028A89B /* zebra.mp4 */,
			);
			path = Video;
			sourceTree = "<group>";
		};
		ADD2FB9028C73E490028A89B /* Data */ = {
			isa = PBXGroup;
			children = (
				ADD2FB9228C73E610028A89B /* animals.json */,
				ADD2FB9428C73E610028A89B /* covers.json */,
				ADD2FB9328C73E610028A89B /* locations.json */,
				ADD2FB9128C73E600028A89B /* videos.json */,
			);
			path = Data;
			sourceTree = "<group>";
		};
		ADD2FB9A28C740480028A89B /* App */ = {
			isa = PBXGroup;
			children = (
				ADD2FB6D28C732BA0028A89B /* AfricaApp.swift */,
				ADD2FB6F28C732BA0028A89B /* ContentView.swift */,
				ADD2FB9B28C740870028A89B /* VideoListView.swift */,
			);
			path = App;
			sourceTree = "<group>";
		};
/* End PBXGroup section */

/* Begin PBXNativeTarget section */
		ADD2FB6928C732BA0028A89B /* Africa */ = {
			isa = PBXNativeTarget;
			buildConfigurationList = ADD2FB7828C732BD0028A89B /* Build configuration list for PBXNativeTarget "Africa" */;
			buildPhases = (
				ADD2FB6628C732BA0028A89B /* Sources */,
				ADD2FB6728C732BA0028A89B /* Frameworks */,
				ADD2FB6828C732BA0028A89B /* Resources */,
			);
			buildRules = (
			);
			dependencies = (
			);
			name = Africa;
			productName = Africa;
			productReference = ADD2FB6A28C732BA0028A89B /* Africa.app */;
			productType = "com.apple.product-type.application";
		};
/* End PBXNativeTarget section */

/* Begin PBXProject section */
		ADD2FB6228C732BA0028A89B /* Project object */ = {
			isa = PBXProject;
			attributes = {
				BuildIndependentTargetsInParallel = 1;
				LastSwiftUpdateCheck = 1340;
				LastUpgradeCheck = 1340;
				TargetAttributes = {
					ADD2FB6928C732BA0028A89B = {
						CreatedOnToolsVersion = 13.4.1;
					};
				};
			};
			buildConfigurationList = ADD2FB6528C732BA0028A89B /* Build configuration list for PBXProject "Africa" */;
			compatibilityVersion = "Xcode 13.0";
			developmentRegion = en;
			hasScannedForEncodings = 0;
			knownRegions = (
				en,
				Base,
			);
			mainGroup = ADD2FB6128C732BA0028A89B;
			productRefGroup = ADD2FB6B28C732BA0028A89B /* Products */;
			projectDirPath = "";
			projectRoot = "";
			targets = (
				ADD2FB6928C732BA0028A89B /* Africa */,
			);
		};
/* End PBXProject section */

/* Begin PBXResourcesBuildPhase section */
		ADD2FB6828C732BA0028A89B /* Resources */ = {
			isa = PBXResourcesBuildPhase;
			buildActionMask = 2147483647;
			files = (
				ADD2FB8728C73E0B0028A89B /* gorilla.mp4 in Resources */,
				ADD2FB7528C732BD0028A89B /* Preview Assets.xcassets in Resources */,
				ADD2FB7228C732BD0028A89B /* Assets.xcassets in Resources */,
				ADD2FB8D28C73E0B0028A89B /* lion.mp4 in Resources */,
				ADD2FB9528C73E610028A89B /* videos.json in Resources */,
				ADD2FB9828C73E610028A89B /* covers.json in Resources */,
				ADD2FB8828C73E0B0028A89B /* rhino.mp4 in Resources */,
				ADD2FB8B28C73E0B0028A89B /* cheetah.mp4 in Resources */,
				ADD2FB9728C73E610028A89B /* locations.json in Resources */,
				ADD2FB9628C73E610028A89B /* animals.json in Resources */,
				ADD2FB8928C73E0B0028A89B /* hippo.mp4 in Resources */,
				ADD2FB8A28C73E0B0028A89B /* lioness.mp4 in Resources */,
				ADD2FB8F28C73E0B0028A89B /* elephant.mp4 in Resources */,
				ADD2FB8C28C73E0B0028A89B /* zebra.mp4 in Resources */,
				ADD2FB8628C73E0B0028A89B /* giraffe.mp4 in Resources */,
				ADD2FB8E28C73E0B0028A89B /* ostrich.mp4 in Resources */,
			);
			runOnlyForDeploymentPostprocessing = 0;
		};
/* End PBXResourcesBuildPhase section */

/* Begin PBXSourcesBuildPhase section */
		ADD2FB6628C732BA0028A89B /* Sources */ = {
			isa = PBXSourcesBuildPhase;
			buildActionMask = 2147483647;
			files = (
				ADD2FB7028C732BA0028A89B /* ContentView.swift in Sources */,
				ADD2FB6E28C732BA0028A89B /* AfricaApp.swift in Sources */,
				ADD2FB9C28C740870028A89B /* VideoListView.swift in Sources */,
			);
			runOnlyForDeploymentPostprocessing = 0;
		};
/* End PBXSourcesBuildPhase section */

/* Begin XCBuildConfiguration section */
		ADD2FB7628C732BD0028A89B /* Debug */ = {
			isa = XCBuildConfiguration;
			buildSettings = {
				ALWAYS_SEARCH_USER_PATHS = NO;
				CLANG_ANALYZER_NONNULL = YES;
				CLANG_ANALYZER_NUMBER_OBJECT_CONVERSION = YES_AGGRESSIVE;
				CLANG_CXX_LANGUAGE_STANDARD = "gnu++17";
				CLANG_ENABLE_MODULES = YES;
				CLANG_ENABLE_OBJC_ARC = YES;
				CLANG_ENABLE_OBJC_WEAK = YES;
				CLANG_WARN_BLOCK_CAPTURE_AUTORELEASING = YES;
				CLANG_WARN_BOOL_CONVERSION = YES;
				CLANG_WARN_COMMA = YES;
				CLANG_WARN_CONSTANT_CONVERSION = YES;
				CLANG_WARN_DEPRECATED_OBJC_IMPLEMENTATIONS = YES;
				CLANG_WARN_DIRECT_OBJC_ISA_USAGE = YES_ERROR;
				CLANG_WARN_DOCUMENTATION_COMMENTS = YES;
				CLANG_WARN_EMPTY_BODY = YES;
				CLANG_WARN_ENUM_CONVERSION = YES;
				CLANG_WARN_INFINITE_RECURSION = YES;
				CLANG_WARN_INT_CONVERSION = YES;
				CLANG_WARN_NON_LITERAL_NULL_CONVERSION = YES;
				CLANG_WARN_OBJC_IMPLICIT_RETAIN_SELF = YES;
				CLANG_WARN_OBJC_LITERAL_CONVERSION = YES;
				CLANG_WARN_OBJC_ROOT_CLASS = YES_ERROR;
				CLANG_WARN_QUOTED_INCLUDE_IN_FRAMEWORK_HEADER = YES;
				CLANG_WARN_RANGE_LOOP_ANALYSIS = YES;
				CLANG_WARN_STRICT_PROTOTYPES = YES;
				CLANG_WARN_SUSPICIOUS_MOVE = YES;
				CLANG_WARN_UNGUARDED_AVAILABILITY = YES_AGGRESSIVE;
				CLANG_WARN_UNREACHABLE_CODE = YES;
				CLANG_WARN__DUPLICATE_METHOD_MATCH = YES;
				COPY_PHASE_STRIP = NO;
				DEBUG_INFORMATION_FORMAT = dwarf;
				ENABLE_STRICT_OBJC_MSGSEND = YES;
				ENABLE_TESTABILITY = YES;
				GCC_C_LANGUAGE_STANDARD = gnu11;
				GCC_DYNAMIC_NO_PIC = NO;
				GCC_NO_COMMON_BLOCKS = YES;
				GCC_OPTIMIZATION_LEVEL = 0;
				GCC_PREPROCESSOR_DEFINITIONS = (
					"DEBUG=1",
					"$(inherited)",
				);
				GCC_WARN_64_TO_32_BIT_CONVERSION = YES;
				GCC_WARN_ABOUT_RETURN_TYPE = YES_ERROR;
				GCC_WARN_UNDECLARED_SELECTOR = YES;
				GCC_WARN_UNINITIALIZED_AUTOS = YES_AGGRESSIVE;
				GCC_WARN_UNUSED_FUNCTION = YES;
				GCC_WARN_UNUSED_VARIABLE = YES;
				IPHONEOS_DEPLOYMENT_TARGET = 15.5;
				MTL_ENABLE_DEBUG_INFO = INCLUDE_SOURCE;
				MTL_FAST_MATH = YES;
				ONLY_ACTIVE_ARCH = YES;
				SDKROOT = iphoneos;
				SWIFT_ACTIVE_COMPILATION_CONDITIONS = DEBUG;
				SWIFT_OPTIMIZATION_LEVEL = "-Onone";
			};
			name = Debug;
		};
		ADD2FB7728C732BD0028A89B /* Release */ = {
			isa = XCBuildConfiguration;
			buildSettings = {
				ALWAYS_SEARCH_USER_PATHS = NO;
				CLANG_ANALYZER_NONNULL = YES;
				CLANG_ANALYZER_NUMBER_OBJECT_CONVERSION = YES_AGGRESSIVE;
				CLANG_CXX_LANGUAGE_STANDARD = "gnu++17";
				CLANG_ENABLE_MODULES = YES;
				CLANG_ENABLE_OBJC_ARC = YES;
				CLANG_ENABLE_OBJC_WEAK = YES;
				CLANG_WARN_BLOCK_CAPTURE_AUTORELEASING = YES;
				CLANG_WARN_BOOL_CONVERSION = YES;
				CLANG_WARN_COMMA = YES;
				CLANG_WARN_CONSTANT_CONVERSION = YES;
				CLANG_WARN_DEPRECATED_OBJC_IMPLEMENTATIONS = YES;
				CLANG_WARN_DIRECT_OBJC_ISA_USAGE = YES_ERROR;
				CLANG_WARN_DOCUMENTATION_COMMENTS = YES;
				CLANG_WARN_EMPTY_BODY = YES;
				CLANG_WARN_ENUM_CONVERSION = YES;
				CLANG_WARN_INFINITE_RECURSION = YES;
				CLANG_WARN_INT_CONVERSION = YES;
				CLANG_WARN_NON_LITERAL_NULL_CONVERSION = YES;
				CLANG_WARN_OBJC_IMPLICIT_RETAIN_SELF = YES;
				CLANG_WARN_OBJC_LITERAL_CONVERSION = YES;
				CLANG_WARN_OBJC_ROOT_CLASS = YES_ERROR;
				CLANG_WARN_QUOTED_INCLUDE_IN_FRAMEWORK_HEADER = YES;
				CLANG_WARN_RANGE_LOOP_ANALYSIS = YES;
				CLANG_WARN_STRICT_PROTOTYPES = YES;
				CLANG_WARN_SUSPICIOUS_MOVE = YES;
				CLANG_WARN_UNGUARDED_AVAILABILITY = YES_AGGRESSIVE;
				CLANG_WARN_UNREACHABLE_CODE = YES;
				CLANG_WARN__DUPLICATE_METHOD_MATCH = YES;
				COPY_PHASE_STRIP = NO;
				DEBUG_INFORMATION_FORMAT = "dwarf-with-dsym";
				ENABLE_NS_ASSERTIONS = NO;
				ENABLE_STRICT_OBJC_MSGSEND = YES;
				GCC_C_LANGUAGE_STANDARD = gnu11;
				GCC_NO_COMMON_BLOCKS = YES;
				GCC_WARN_64_TO_32_BIT_CONVERSION = YES;
				GCC_WARN_ABOUT_RETURN_TYPE = YES_ERROR;
				GCC_WARN_UNDECLARED_SELECTOR = YES;
				GCC_WARN_UNINITIALIZED_AUTOS = YES_AGGRESSIVE;
				GCC_WARN_UNUSED_FUNCTION = YES;
				GCC_WARN_UNUSED_VARIABLE = YES;
				IPHONEOS_DEPLOYMENT_TARGET = 15.5;
				MTL_ENABLE_DEBUG_INFO = NO;
				MTL_FAST_MATH = YES;
				SDKROOT = iphoneos;
				SWIFT_COMPILATION_MODE = wholemodule;
				SWIFT_OPTIMIZATION_LEVEL = "-O";
				VALIDATE_PRODUCT = YES;
			};
			name = Release;
		};
		ADD2FB7928C732BD0028A89B /* Debug */ = {
			isa = XCBuildConfiguration;
			buildSettings = {
				ASSETCATALOG_COMPILER_APPICON_NAME = AppIcon;
				ASSETCATALOG_COMPILER_GLOBAL_ACCENT_COLOR_NAME = AccentColor;
				CODE_SIGN_STYLE = Automatic;
				CURRENT_PROJECT_VERSION = 1;
				DEVELOPMENT_ASSET_PATHS = "\"Africa/Preview Content\"";
				DEVELOPMENT_TEAM = XW758S68BG;
				ENABLE_PREVIEWS = YES;
				GENERATE_INFOPLIST_FILE = YES;
				INFOPLIST_FILE = Africa/Info.plist;
				INFOPLIST_KEY_UIApplicationSceneManifest_Generation = YES;
				INFOPLIST_KEY_UIApplicationSupportsIndirectInputEvents = YES;
				INFOPLIST_KEY_UISupportedInterfaceOrientations_iPad = "UIInterfaceOrientationPortrait UIInterfaceOrientationPortraitUpsideDown UIInterfaceOrientationLandscapeLeft UIInterfaceOrientationLandscapeRight";
				INFOPLIST_KEY_UISupportedInterfaceOrientations_iPhone = "UIInterfaceOrientationPortrait UIInterfaceOrientationLandscapeLeft UIInterfaceOrientationLandscapeRight";
				INFOPLIST_KEY_UIUserInterfaceStyle = Dark;
				LD_RUNPATH_SEARCH_PATHS = (
					"$(inherited)",
					"@executable_path/Frameworks",
				);
				MARKETING_VERSION = 1.0;
				PRODUCT_BUNDLE_IDENTIFIER = com.mrxx7.Africa;
				PRODUCT_NAME = "$(TARGET_NAME)";
				SWIFT_EMIT_LOC_STRINGS = YES;
				SWIFT_VERSION = 5.0;
				TARGETED_DEVICE_FAMILY = "1,2";
			};
			name = Debug;
		};
		ADD2FB7A28C732BD0028A89B /* Release */ = {
			isa = XCBuildConfiguration;
			buildSettings = {
				ASSETCATALOG_COMPILER_APPICON_NAME = AppIcon;
				ASSETCATALOG_COMPILER_GLOBAL_ACCENT_COLOR_NAME = AccentColor;
				CODE_SIGN_STYLE = Automatic;
				CURRENT_PROJECT_VERSION = 1;
				DEVELOPMENT_ASSET_PATHS = "\"Africa/Preview Content\"";
				DEVELOPMENT_TEAM = XW758S68BG;
				ENABLE_PREVIEWS = YES;
				GENERATE_INFOPLIST_FILE = YES;
				INFOPLIST_FILE = Africa/Info.plist;
				INFOPLIST_KEY_UIApplicationSceneManifest_Generation = YES;
				INFOPLIST_KEY_UIApplicationSupportsIndirectInputEvents = YES;
				INFOPLIST_KEY_UISupportedInterfaceOrientations_iPad = "UIInterfaceOrientationPortrait UIInterfaceOrientationPortraitUpsideDown UIInterfaceOrientationLandscapeLeft UIInterfaceOrientationLandscapeRight";
				INFOPLIST_KEY_UISupportedInterfaceOrientations_iPhone = "UIInterfaceOrientationPortrait UIInterfaceOrientationLandscapeLeft UIInterfaceOrientationLandscapeRight";
				INFOPLIST_KEY_UIUserInterfaceStyle = Dark;
				LD_RUNPATH_SEARCH_PATHS = (
					"$(inherited)",
					"@executable_path/Frameworks",
				);
				MARKETING_VERSION = 1.0;
				PRODUCT_BUNDLE_IDENTIFIER = com.mrxx7.Africa;
				PRODUCT_NAME = "$(TARGET_NAME)";
				SWIFT_EMIT_LOC_STRINGS = YES;
				SWIFT_VERSION = 5.0;
				TARGETED_DEVICE_FAMILY = "1,2";
			};
			name = Release;
		};
/* End XCBuildConfiguration section */

/* Begin XCConfigurationList section */
		ADD2FB6528C732BA0028A89B /* Build configuration list for PBXProject "Africa" */ = {
			isa = XCConfigurationList;
			buildConfigurations = (
				ADD2FB7628C732BD0028A89B /* Debug */,
				ADD2FB7728C732BD0028A89B /* Release */,
			);
			defaultConfigurationIsVisible = 0;
			defaultConfigurationName = Release;
		};
		ADD2FB7828C732BD0028A89B /* Build configuration list for PBXNativeTarget "Africa" */ = {
			isa = XCConfigurationList;
			buildConfigurations = (
				ADD2FB7928C732BD0028A89B /* Debug */,
				ADD2FB7A28C732BD0028A89B /* Release */,
			);
			defaultConfigurationIsVisible = 0;
			defaultConfigurationName = Release;
		};
/* End XCConfigurationList section */
	};
	rootObject = ADD2FB6228C732BA0028A89B /* Project object */;
}
